
Microsoft Visual Studio Solution File, Format Version 12.00
# Visual Studio Version 17
VisualStudioVersion = 17.0.31903.59
MinimumVisualStudioVersion = 10.0.40219.1
Project("{FAE04EC0-301F-11D3-BF4B-00C04F79EFBC}") = "Refactor.Domain", "src\Refactor.Domain\Refactor.Domain.csproj", "{8A8FE140-C2B1-40CA-B2CD-8CA025082FF7}"
EndProject
Project("{2150E333-8FDC-42A3-9474-1A3956D46DE8}") = "tests", "tests", "{A76FB57A-45ED-46DE-9FE5-7852CB7E51F5}"
EndProject
Project("{FAE04EC0-301F-11D3-BF4B-00C04F79EFBC}") = "Refactor.Domain.Test", "tests\Refactor.Domain.Test\Refactor.Domain.Test.csproj", "{BB75F1D8-965F-42F2-9885-E8C0FB44DE38}"
EndProject
Global
	GlobalSection(SolutionConfigurationPlatforms) = preSolution
		Debug|Any CPU = Debug|Any CPU
		Release|Any CPU = Release|Any CPU
	EndGlobalSection
	GlobalSection(SolutionProperties) = preSolution
		HideSolutionNode = FALSE
	EndGlobalSection
	GlobalSection(ProjectConfigurationPlatforms) = postSolution
		{8A8FE140-C2B1-40CA-B2CD-8CA025082FF7}.Debug|Any CPU.ActiveCfg = Debug|Any CPU
		{8A8FE140-C2B1-40CA-B2CD-8CA025082FF7}.Debug|Any CPU.Build.0 = Debug|Any CPU
		{8A8FE140-C2B1-40CA-B2CD-8CA025082FF7}.Release|Any CPU.ActiveCfg = Release|Any CPU
		{8A8FE140-C2B1-40CA-B2CD-8CA025082FF7}.Release|Any CPU.Build.0 = Release|Any CPU
		{BB75F1D8-965F-42F2-9885-E8C0FB44DE38}.Debug|Any CPU.ActiveCfg = Debug|Any CPU
		{BB75F1D8-965F-42F2-9885-E8C0FB44DE38}.Debug|Any CPU.Build.0 = Debug|Any CPU
		{BB75F1D8-965F-42F2-9885-E8C0FB44DE38}.Release|Any CPU.ActiveCfg = Release|Any CPU
		{BB75F1D8-965F-42F2-9885-E8C0FB44DE38}.Release|Any CPU.Build.0 = Release|Any CPU
	EndGlobalSection
	GlobalSection(NestedProjects) = preSolution
		{BB75F1D8-965F-42F2-9885-E8C0FB44DE38} = {A76FB57A-45ED-46DE-9FE5-7852CB7E51F5}
	EndGlobalSection
EndGlobal
